
Microsoft Visual Studio Solution File, Format Version 12.00
# Visual Studio Version 17
VisualStudioVersion = 17.11.35222.181
MinimumVisualStudioVersion = 10.0.40219.1
Project("{8BC9CEB8-8B4A-11D0-8D11-00A0C91BC942}") = "All", "All\All.vcxproj", "{36AEE038-DE57-4B20-9D08-144BF95A3387}"
EndProject
Project("{8BC9CEB8-8B4A-11D0-8D11-00A0C91BC942}") = "1_new", "1_new\1_new.vcxproj", "{C3C8BF4A-DA1D-480D-8600-531636D324E5}"
EndProject
Global
	GlobalSection(SolutionConfigurationPlatforms) = preSolution
		Debug|x64 = Debug|x64
		Debug|x86 = Debug|x86
		Release|x64 = Release|x64
		Release|x86 = Release|x86
	EndGlobalSection
	GlobalSection(ProjectConfigurationPlatforms) = postSolution
		{36AEE038-DE57-4B20-9D08-144BF95A3387}.Debug|x64.ActiveCfg = Debug|x64
		{36AEE038-DE57-4B20-9D08-144BF95A3387}.Debug|x64.Build.0 = Debug|x64
		{36AEE038-DE57-4B20-9D08-144BF95A3387}.Debug|x86.ActiveCfg = Debug|Win32
		{36AEE038-DE57-4B20-9D08-144BF95A3387}.Debug|x86.Build.0 = Debug|Win32
		{36AEE038-DE57-4B20-9D08-144BF95A3387}.Release|x64.ActiveCfg = Release|x64
		{36AEE038-DE57-4B20-9D08-144BF95A3387}.Release|x64.Build.0 = Release|x64
		{36AEE038-DE57-4B20-9D08-144BF95A3387}.Release|x86.ActiveCfg = Release|Win32
		{36AEE038-DE57-4B20-9D08-144BF95A3387}.Release|x86.Build.0 = Release|Win32
		{C3C8BF4A-DA1D-480D-8600-531636D324E5}.Debug|x64.ActiveCfg = Debug|x64
		{C3C8BF4A-DA1D-480D-8600-531636D324E5}.Debug|x64.Build.0 = Debug|x64
		{C3C8BF4A-DA1D-480D-8600-531636D324E5}.Debug|x86.ActiveCfg = Debug|Win32
		{C3C8BF4A-DA1D-480D-8600-531636D324E5}.Debug|x86.Build.0 = Debug|Win32
		{C3C8BF4A-DA1D-480D-8600-531636D324E5}.Release|x64.ActiveCfg = Release|x64
		{C3C8BF4A-DA1D-480D-8600-531636D324E5}.Release|x64.Build.0 = Release|x64
		{C3C8BF4A-DA1D-480D-8600-531636D324E5}.Release|x86.ActiveCfg = Release|Win32
		{C3C8BF4A-DA1D-480D-8600-531636D324E5}.Release|x86.Build.0 = Release|Win32
	EndGlobalSection
	GlobalSection(SolutionProperties) = preSolution
		HideSolutionNode = FALSE
	EndGlobalSection
	GlobalSection(ExtensibilityGlobals) = postSolution
		SolutionGuid = {1FE5E24D-2F55-41B2-A824-051D50A12814}
	EndGlobalSection
EndGlobal
